
Microsoft Visual Studio Solution File, Format Version 12.00
# Visual Studio Version 16
VisualStudioVersion = 16.0.31515.178
MinimumVisualStudioVersion = 10.0.40219.1
Project("{FAE04EC0-301F-11D3-BF4B-00C04F79EFBC}") = "StajDepoProje", "StajDepoProje\StajDepoProje.csproj", "{FD4D85DA-3E0A-4CD7-885D-8C04CA24990D}"
EndProject
Global
	GlobalSection(SolutionConfigurationPlatforms) = preSolution
		Debug|Any CPU = Debug|Any CPU
		Release|Any CPU = Release|Any CPU
	EndGlobalSection
	GlobalSection(ProjectConfigurationPlatforms) = postSolution
		{FD4D85DA-3E0A-4CD7-885D-8C04CA24990D}.Debug|Any CPU.ActiveCfg = Debug|Any CPU
		{FD4D85DA-3E0A-4CD7-885D-8C04CA24990D}.Debug|Any CPU.Build.0 = Debug|Any CPU
		{FD4D85DA-3E0A-4CD7-885D-8C04CA24990D}.Release|Any CPU.ActiveCfg = Release|Any CPU
		{FD4D85DA-3E0A-4CD7-885D-8C04CA24990D}.Release|Any CPU.Build.0 = Release|Any CPU
	EndGlobalSection
	GlobalSection(SolutionProperties) = preSolution
		HideSolutionNode = FALSE
	EndGlobalSection
	GlobalSection(ExtensibilityGlobals) = postSolution
		SolutionGuid = {CB48F819-AE27-4E67-9C8B-E476A97BE6F4}
	EndGlobalSection
EndGlobal
